
Microsoft Visual Studio Solution File, Format Version 12.00
# Visual Studio Version 16
VisualStudioVersion = 16.0.30011.22
MinimumVisualStudioVersion = 10.0.40219.1
Project("{FAE04EC0-301F-11D3-BF4B-00C04F79EFBC}") = "ConsoleAppException2", "ConsoleAppException2\ConsoleAppException2.csproj", "{98A10EF2-3295-44FE-9859-A56C33098D94}"
EndProject
Global
	GlobalSection(SolutionConfigurationPlatforms) = preSolution
		Debug|Any CPU = Debug|Any CPU
		Release|Any CPU = Release|Any CPU
	EndGlobalSection
	GlobalSection(ProjectConfigurationPlatforms) = postSolution
		{98A10EF2-3295-44FE-9859-A56C33098D94}.Debug|Any CPU.ActiveCfg = Debug|Any CPU
		{98A10EF2-3295-44FE-9859-A56C33098D94}.Debug|Any CPU.Build.0 = Debug|Any CPU
		{98A10EF2-3295-44FE-9859-A56C33098D94}.Release|Any CPU.ActiveCfg = Release|Any CPU
		{98A10EF2-3295-44FE-9859-A56C33098D94}.Release|Any CPU.Build.0 = Release|Any CPU
	EndGlobalSection
	GlobalSection(SolutionProperties) = preSolution
		HideSolutionNode = FALSE
	EndGlobalSection
	GlobalSection(ExtensibilityGlobals) = postSolution
		SolutionGuid = {35779562-16A2-4002-96AE-61D8141DCA6D}
	EndGlobalSection
EndGlobal
